
Microsoft Visual Studio Solution File, Format Version 12.00
# Visual Studio Version 17
VisualStudioVersion = 17.13.35828.75
MinimumVisualStudioVersion = 10.0.40219.1
Project("{8BC9CEB8-8B4A-11D0-8D11-00A0C91BC942}") = "Functions5", "Functions5\Functions5.vcxproj", "{DAA8FD0C-46E1-48ED-855E-CF432E2E993D}"
EndProject
Project("{8BC9CEB8-8B4A-11D0-8D11-00A0C91BC942}") = "Functions5_Homework22march", "Functions5_Homework22march\Functions5_Homework22march.vcxproj", "{E99AE72B-2D1A-447C-AFE1-5755F7D85BE1}"
EndProject
Project("{8BC9CEB8-8B4A-11D0-8D11-00A0C91BC942}") = "Functions5_Homework29march", "Functions5_Homework29march\Functions5_Homework29march.vcxproj", "{732F98A7-AB7B-4E09-8207-E6AC99434A3C}"
EndProject
Project("{8BC9CEB8-8B4A-11D0-8D11-00A0C91BC942}") = "LIBcheck", "LIBcheck\LIBcheck.vcxproj", "{206D6682-EC42-45B8-85C2-0AE5013D56BC}"
EndProject
Project("{8BC9CEB8-8B4A-11D0-8D11-00A0C91BC942}") = "TestLib", "TestLib\TestLib.vcxproj", "{E312E2C6-329E-428A-9BE7-4E5ABED4DCC1}"
EndProject
Global
	GlobalSection(SolutionConfigurationPlatforms) = preSolution
		Debug|x64 = Debug|x64
		Debug|x86 = Debug|x86
		Release|x64 = Release|x64
		Release|x86 = Release|x86
	EndGlobalSection
	GlobalSection(ProjectConfigurationPlatforms) = postSolution
		{DAA8FD0C-46E1-48ED-855E-CF432E2E993D}.Debug|x64.ActiveCfg = Debug|x64
		{DAA8FD0C-46E1-48ED-855E-CF432E2E993D}.Debug|x64.Build.0 = Debug|x64
		{DAA8FD0C-46E1-48ED-855E-CF432E2E993D}.Debug|x86.ActiveCfg = Debug|Win32
		{DAA8FD0C-46E1-48ED-855E-CF432E2E993D}.Debug|x86.Build.0 = Debug|Win32
		{DAA8FD0C-46E1-48ED-855E-CF432E2E993D}.Release|x64.ActiveCfg = Release|x64
		{DAA8FD0C-46E1-48ED-855E-CF432E2E993D}.Release|x64.Build.0 = Release|x64
		{DAA8FD0C-46E1-48ED-855E-CF432E2E993D}.Release|x86.ActiveCfg = Release|Win32
		{DAA8FD0C-46E1-48ED-855E-CF432E2E993D}.Release|x86.Build.0 = Release|Win32
		{E99AE72B-2D1A-447C-AFE1-5755F7D85BE1}.Debug|x64.ActiveCfg = Debug|x64
		{E99AE72B-2D1A-447C-AFE1-5755F7D85BE1}.Debug|x64.Build.0 = Debug|x64
		{E99AE72B-2D1A-447C-AFE1-5755F7D85BE1}.Debug|x86.ActiveCfg = Debug|Win32
		{E99AE72B-2D1A-447C-AFE1-5755F7D85BE1}.Debug|x86.Build.0 = Debug|Win32
		{E99AE72B-2D1A-447C-AFE1-5755F7D85BE1}.Release|x64.ActiveCfg = Release|x64
		{E99AE72B-2D1A-447C-AFE1-5755F7D85BE1}.Release|x64.Build.0 = Release|x64
		{E99AE72B-2D1A-447C-AFE1-5755F7D85BE1}.Release|x86.ActiveCfg = Release|Win32
		{E99AE72B-2D1A-447C-AFE1-5755F7D85BE1}.Release|x86.Build.0 = Release|Win32
		{732F98A7-AB7B-4E09-8207-E6AC99434A3C}.Debug|x64.ActiveCfg = Debug|x64
		{732F98A7-AB7B-4E09-8207-E6AC99434A3C}.Debug|x64.Build.0 = Debug|x64
		{732F98A7-AB7B-4E09-8207-E6AC99434A3C}.Debug|x86.ActiveCfg = Debug|Win32
		{732F98A7-AB7B-4E09-8207-E6AC99434A3C}.Debug|x86.Build.0 = Debug|Win32
		{732F98A7-AB7B-4E09-8207-E6AC99434A3C}.Release|x64.ActiveCfg = Release|x64
		{732F98A7-AB7B-4E09-8207-E6AC99434A3C}.Release|x64.Build.0 = Release|x64
		{732F98A7-AB7B-4E09-8207-E6AC99434A3C}.Release|x86.ActiveCfg = Release|Win32
		{732F98A7-AB7B-4E09-8207-E6AC99434A3C}.Release|x86.Build.0 = Release|Win32
		{206D6682-EC42-45B8-85C2-0AE5013D56BC}.Debug|x64.ActiveCfg = Debug|x64
		{206D6682-EC42-45B8-85C2-0AE5013D56BC}.Debug|x64.Build.0 = Debug|x64
		{206D6682-EC42-45B8-85C2-0AE5013D56BC}.Debug|x86.ActiveCfg = Debug|Win32
		{206D6682-EC42-45B8-85C2-0AE5013D56BC}.Debug|x86.Build.0 = Debug|Win32
		{206D6682-EC42-45B8-85C2-0AE5013D56BC}.Release|x64.ActiveCfg = Release|x64
		{206D6682-EC42-45B8-85C2-0AE5013D56BC}.Release|x64.Build.0 = Release|x64
		{206D6682-EC42-45B8-85C2-0AE5013D56BC}.Release|x86.ActiveCfg = Release|Win32
		{206D6682-EC42-45B8-85C2-0AE5013D56BC}.Release|x86.Build.0 = Release|Win32
		{E312E2C6-329E-428A-9BE7-4E5ABED4DCC1}.Debug|x64.ActiveCfg = Debug|x64
		{E312E2C6-329E-428A-9BE7-4E5ABED4DCC1}.Debug|x64.Build.0 = Debug|x64
		{E312E2C6-329E-428A-9BE7-4E5ABED4DCC1}.Debug|x86.ActiveCfg = Debug|Win32
		{E312E2C6-329E-428A-9BE7-4E5ABED4DCC1}.Debug|x86.Build.0 = Debug|Win32
		{E312E2C6-329E-428A-9BE7-4E5ABED4DCC1}.Release|x64.ActiveCfg = Release|x64
		{E312E2C6-329E-428A-9BE7-4E5ABED4DCC1}.Release|x64.Build.0 = Release|x64
		{E312E2C6-329E-428A-9BE7-4E5ABED4DCC1}.Release|x86.ActiveCfg = Release|Win32
		{E312E2C6-329E-428A-9BE7-4E5ABED4DCC1}.Release|x86.Build.0 = Release|Win32
	EndGlobalSection
	GlobalSection(SolutionProperties) = preSolution
		HideSolutionNode = FALSE
	EndGlobalSection
	GlobalSection(ExtensibilityGlobals) = postSolution
		SolutionGuid = {5C750E28-C449-4D07-BA57-AA4591932722}
	EndGlobalSection
EndGlobal
